
Microsoft Visual Studio Solution File, Format Version 12.00
# Visual Studio 15
VisualStudioVersion = 15.0.28307.852
MinimumVisualStudioVersion = 10.0.40219.1
Project("{FAE04EC0-301F-11D3-BF4B-00C04F79EFBC}") = "ConsoleApp1", "ConsoleApp1\ConsoleApp1.csproj", "{AD29551F-2CA4-452F-A1CC-DD8D5463FE48}"
EndProject
Global
	GlobalSection(SolutionConfigurationPlatforms) = preSolution
		Debug|Any CPU = Debug|Any CPU
		Release|Any CPU = Release|Any CPU
	EndGlobalSection
	GlobalSection(ProjectConfigurationPlatforms) = postSolution
		{AD29551F-2CA4-452F-A1CC-DD8D5463FE48}.Debug|Any CPU.ActiveCfg = Debug|Any CPU
		{AD29551F-2CA4-452F-A1CC-DD8D5463FE48}.Debug|Any CPU.Build.0 = Debug|Any CPU
		{AD29551F-2CA4-452F-A1CC-DD8D5463FE48}.Release|Any CPU.ActiveCfg = Release|Any CPU
		{AD29551F-2CA4-452F-A1CC-DD8D5463FE48}.Release|Any CPU.Build.0 = Release|Any CPU
	EndGlobalSection
	GlobalSection(SolutionProperties) = preSolution
		HideSolutionNode = FALSE
	EndGlobalSection
	GlobalSection(ExtensibilityGlobals) = postSolution
		SolutionGuid = {04D71C7C-0FEB-4FA3-96C6-7D4B07258174}
	EndGlobalSection
EndGlobal
