
Microsoft Visual Studio Solution File, Format Version 12.00
# Visual Studio 15
VisualStudioVersion = 15.0.28307.902
MinimumVisualStudioVersion = 10.0.40219.1
Project("{FAE04EC0-301F-11D3-BF4B-00C04F79EFBC}") = "BinaryTree", "BinaryTree\BinaryTree.csproj", "{B500DC4F-117F-49DB-8FE9-11A1328C4B53}"
EndProject
Project("{54435603-DBB4-11D2-8724-00A0C9A8B90C}") = "Setup1", "Setup1\Setup1.vdproj", "{ECC3DED3-6BE5-47FD-ADD1-645BAE8B3EB6}"
EndProject
Global
	GlobalSection(SolutionConfigurationPlatforms) = preSolution
		Debug|Any CPU = Debug|Any CPU
		Release|Any CPU = Release|Any CPU
	EndGlobalSection
	GlobalSection(ProjectConfigurationPlatforms) = postSolution
		{B500DC4F-117F-49DB-8FE9-11A1328C4B53}.Debug|Any CPU.ActiveCfg = Debug|Any CPU
		{B500DC4F-117F-49DB-8FE9-11A1328C4B53}.Debug|Any CPU.Build.0 = Debug|Any CPU
		{B500DC4F-117F-49DB-8FE9-11A1328C4B53}.Release|Any CPU.ActiveCfg = Release|Any CPU
		{B500DC4F-117F-49DB-8FE9-11A1328C4B53}.Release|Any CPU.Build.0 = Release|Any CPU
		{ECC3DED3-6BE5-47FD-ADD1-645BAE8B3EB6}.Debug|Any CPU.ActiveCfg = Debug
		{ECC3DED3-6BE5-47FD-ADD1-645BAE8B3EB6}.Release|Any CPU.ActiveCfg = Release
	EndGlobalSection
	GlobalSection(SolutionProperties) = preSolution
		HideSolutionNode = FALSE
	EndGlobalSection
	GlobalSection(ExtensibilityGlobals) = postSolution
		SolutionGuid = {257E0C91-C6B6-4919-BCA2-9DADEE7E5C16}
	EndGlobalSection
EndGlobal
