
Microsoft Visual Studio Solution File, Format Version 12.00
# Visual Studio 15
VisualStudioVersion = 15.0.28307.645
MinimumVisualStudioVersion = 10.0.40219.1
Project("{FAE04EC0-301F-11D3-BF4B-00C04F79EFBC}") = "L15", "L15\L15.csproj", "{ACD8EA66-F244-468A-89C0-1F12BEF89DDE}"
EndProject
Global
	GlobalSection(SolutionConfigurationPlatforms) = preSolution
		Debug|Any CPU = Debug|Any CPU
		Release|Any CPU = Release|Any CPU
	EndGlobalSection
	GlobalSection(ProjectConfigurationPlatforms) = postSolution
		{ACD8EA66-F244-468A-89C0-1F12BEF89DDE}.Debug|Any CPU.ActiveCfg = Debug|Any CPU
		{ACD8EA66-F244-468A-89C0-1F12BEF89DDE}.Debug|Any CPU.Build.0 = Debug|Any CPU
		{ACD8EA66-F244-468A-89C0-1F12BEF89DDE}.Release|Any CPU.ActiveCfg = Release|Any CPU
		{ACD8EA66-F244-468A-89C0-1F12BEF89DDE}.Release|Any CPU.Build.0 = Release|Any CPU
	EndGlobalSection
	GlobalSection(SolutionProperties) = preSolution
		HideSolutionNode = FALSE
	EndGlobalSection
	GlobalSection(ExtensibilityGlobals) = postSolution
		SolutionGuid = {E0720B33-AAD3-4455-8D83-77FF149A831B}
	EndGlobalSection
EndGlobal
