
Microsoft Visual Studio Solution File, Format Version 12.00
# Visual Studio 15
VisualStudioVersion = 15.0.28307.852
MinimumVisualStudioVersion = 10.0.40219.1
Project("{FAE04EC0-301F-11D3-BF4B-00C04F79EFBC}") = "8-14", "8-14\8-14.csproj", "{637E3B75-57F5-432A-8F8A-02F2DE838C17}"
EndProject
Global
	GlobalSection(SolutionConfigurationPlatforms) = preSolution
		Debug|Any CPU = Debug|Any CPU
		Release|Any CPU = Release|Any CPU
	EndGlobalSection
	GlobalSection(ProjectConfigurationPlatforms) = postSolution
		{637E3B75-57F5-432A-8F8A-02F2DE838C17}.Debug|Any CPU.ActiveCfg = Debug|Any CPU
		{637E3B75-57F5-432A-8F8A-02F2DE838C17}.Debug|Any CPU.Build.0 = Debug|Any CPU
		{637E3B75-57F5-432A-8F8A-02F2DE838C17}.Release|Any CPU.ActiveCfg = Release|Any CPU
		{637E3B75-57F5-432A-8F8A-02F2DE838C17}.Release|Any CPU.Build.0 = Release|Any CPU
	EndGlobalSection
	GlobalSection(SolutionProperties) = preSolution
		HideSolutionNode = FALSE
	EndGlobalSection
	GlobalSection(ExtensibilityGlobals) = postSolution
		SolutionGuid = {DE7B9221-B921-4D23-B155-6D5E9F5B920C}
	EndGlobalSection
EndGlobal
