
Microsoft Visual Studio Solution File, Format Version 12.00
# Visual Studio 15
VisualStudioVersion = 15.0.28307.852
MinimumVisualStudioVersion = 10.0.40219.1
Project("{FAE04EC0-301F-11D3-BF4B-00C04F79EFBC}") = "l6", "l6\l6.csproj", "{823438BA-EDF0-4934-9640-DA9941B444E2}"
EndProject
Global
	GlobalSection(SolutionConfigurationPlatforms) = preSolution
		Debug|Any CPU = Debug|Any CPU
		Release|Any CPU = Release|Any CPU
	EndGlobalSection
	GlobalSection(ProjectConfigurationPlatforms) = postSolution
		{823438BA-EDF0-4934-9640-DA9941B444E2}.Debug|Any CPU.ActiveCfg = Debug|Any CPU
		{823438BA-EDF0-4934-9640-DA9941B444E2}.Debug|Any CPU.Build.0 = Debug|Any CPU
		{823438BA-EDF0-4934-9640-DA9941B444E2}.Release|Any CPU.ActiveCfg = Release|Any CPU
		{823438BA-EDF0-4934-9640-DA9941B444E2}.Release|Any CPU.Build.0 = Release|Any CPU
	EndGlobalSection
	GlobalSection(SolutionProperties) = preSolution
		HideSolutionNode = FALSE
	EndGlobalSection
	GlobalSection(ExtensibilityGlobals) = postSolution
		SolutionGuid = {544BE499-ABA0-4DE3-82FB-86CAC6765F30}
	EndGlobalSection
EndGlobal
