
Microsoft Visual Studio Solution File, Format Version 12.00
# Visual Studio 15
VisualStudioVersion = 15.0.28307.902
MinimumVisualStudioVersion = 10.0.40219.1
Project("{FAE04EC0-301F-11D3-BF4B-00C04F79EFBC}") = "LLast", "LLast\LLast.csproj", "{B4C4DE3B-055B-44A7-A5D9-427EC701B5A4}"
EndProject
Global
	GlobalSection(SolutionConfigurationPlatforms) = preSolution
		Debug|Any CPU = Debug|Any CPU
		Release|Any CPU = Release|Any CPU
	EndGlobalSection
	GlobalSection(ProjectConfigurationPlatforms) = postSolution
		{B4C4DE3B-055B-44A7-A5D9-427EC701B5A4}.Debug|Any CPU.ActiveCfg = Debug|Any CPU
		{B4C4DE3B-055B-44A7-A5D9-427EC701B5A4}.Debug|Any CPU.Build.0 = Debug|Any CPU
		{B4C4DE3B-055B-44A7-A5D9-427EC701B5A4}.Release|Any CPU.ActiveCfg = Release|Any CPU
		{B4C4DE3B-055B-44A7-A5D9-427EC701B5A4}.Release|Any CPU.Build.0 = Release|Any CPU
	EndGlobalSection
	GlobalSection(SolutionProperties) = preSolution
		HideSolutionNode = FALSE
	EndGlobalSection
	GlobalSection(ExtensibilityGlobals) = postSolution
		SolutionGuid = {5D9F5AAD-93E7-41E0-8BD8-BA33E7BA38F9}
	EndGlobalSection
EndGlobal
